// !$*UTF8*$!
{
	archiveVersion = 1;
	classes = {
	};
	objectVersion = 51;
	objects = {

/* Begin PBXBuildFile section */
		8403F57C1CFF2C2E007D0BD1 /* CircleMenu.h in Headers */ = {isa = PBXBuildFile; fileRef = 8403F57B1CFF2C2E007D0BD1 /* CircleMenu.h */; settings = {ATTRIBUTES = (Public, ); }; };
		8403F5801CFF2C2E007D0BD1 /* CircleMenu.framework in Frameworks */ = {isa = PBXBuildFile; fileRef = 8403F5791CFF2C2E007D0BD1 /* CircleMenu.framework */; };
		8403F5811CFF2C2E007D0BD1 /* CircleMenu.framework in Embed Frameworks */ = {isa = PBXBuildFile; fileRef = 8403F5791CFF2C2E007D0BD1 /* CircleMenu.framework */; settings = {ATTRIBUTES = (CodeSignOnCopy, RemoveHeadersOnCopy, ); }; };
		8403F5861CFF2C46007D0BD1 /* CircleMenu.swift in Sources */ = {isa = PBXBuildFile; fileRef = 841EC58D1C58E898008872D5 /* CircleMenu.swift */; };
		8403F5871CFF2C4B007D0BD1 /* CircleMenuLoader.swift in Sources */ = {isa = PBXBuildFile; fileRef = 841EC5931C58F3E2008872D5 /* CircleMenuLoader.swift */; };
		8403F5881CFF2C4F007D0BD1 /* CircleMenuButton.swift in Sources */ = {isa = PBXBuildFile; fileRef = 841EC58F1C58E898008872D5 /* CircleMenuButton.swift */; };
		841EC5901C58E898008872D5 /* CircleMenu.swift in Sources */ = {isa = PBXBuildFile; fileRef = 841EC58D1C58E898008872D5 /* CircleMenu.swift */; };
		841EC5911C58E898008872D5 /* CircleMenuButton.swift in Sources */ = {isa = PBXBuildFile; fileRef = 841EC58F1C58E898008872D5 /* CircleMenuButton.swift */; };
		841EC5941C58F3E2008872D5 /* CircleMenuLoader.swift in Sources */ = {isa = PBXBuildFile; fileRef = 841EC5931C58F3E2008872D5 /* CircleMenuLoader.swift */; };
		8497460C1C6A1C5D001E7184 /* CircleMenu.swift in Sources */ = {isa = PBXBuildFile; fileRef = 841EC58D1C58E898008872D5 /* CircleMenu.swift */; };
		8497460D1C6A1C6D001E7184 /* Assets.xcassets in Resources */ = {isa = PBXBuildFile; fileRef = 84F248BD1C58E65F008F12C1 /* Assets.xcassets */; };
		8497460E1C6A1C9D001E7184 /* CircleMenuLoader.swift in Sources */ = {isa = PBXBuildFile; fileRef = 841EC5931C58F3E2008872D5 /* CircleMenuLoader.swift */; };
		8497460F1C6A1CA0001E7184 /* CircleMenuButton.swift in Sources */ = {isa = PBXBuildFile; fileRef = 841EC58F1C58E898008872D5 /* CircleMenuButton.swift */; };
		84F248B71C58E65F008F12C1 /* AppDelegate.swift in Sources */ = {isa = PBXBuildFile; fileRef = 84F248B61C58E65F008F12C1 /* AppDelegate.swift */; };
		84F248B91C58E65F008F12C1 /* ViewController.swift in Sources */ = {isa = PBXBuildFile; fileRef = 84F248B81C58E65F008F12C1 /* ViewController.swift */; };
		84F248BC1C58E65F008F12C1 /* Main.storyboard in Resources */ = {isa = PBXBuildFile; fileRef = 84F248BA1C58E65F008F12C1 /* Main.storyboard */; };
		84F248BE1C58E65F008F12C1 /* Assets.xcassets in Resources */ = {isa = PBXBuildFile; fileRef = 84F248BD1C58E65F008F12C1 /* Assets.xcassets */; };
		84F248C11C58E65F008F12C1 /* LaunchScreen.storyboard in Resources */ = {isa = PBXBuildFile; fileRef = 84F248BF1C58E65F008F12C1 /* LaunchScreen.storyboard */; };
		84F248CC1C58E65F008F12C1 /* CircleMenuTests.swift in Sources */ = {isa = PBXBuildFile; fileRef = 84F248CB1C58E65F008F12C1 /* CircleMenuTests.swift */; };
/* End PBXBuildFile section */

/* Begin PBXContainerItemProxy section */
		8403F57E1CFF2C2E007D0BD1 /* PBXContainerItemProxy */ = {
			isa = PBXContainerItemProxy;
			containerPortal = 84F248AB1C58E65F008F12C1 /* Project object */;
			proxyType = 1;
			remoteGlobalIDString = 8403F5781CFF2C2E007D0BD1;
			remoteInfo = CircleMenu;
		};
		84F248C81C58E65F008F12C1 /* PBXContainerItemProxy */ = {
			isa = PBXContainerItemProxy;
			containerPortal = 84F248AB1C58E65F008F12C1 /* Project object */;
			proxyType = 1;
			remoteGlobalIDString = 84F248B21C58E65F008F12C1;
			remoteInfo = CircleMenu;
		};
/* End PBXContainerItemProxy section */

/* Begin PBXCopyFilesBuildPhase section */
		8403F5851CFF2C2E007D0BD1 /* Embed Frameworks */ = {
			isa = PBXCopyFilesBuildPhase;
			buildActionMask = 2147483647;
			dstPath = "";
			dstSubfolderSpec = 10;
			files = (
				8403F5811CFF2C2E007D0BD1 /* CircleMenu.framework in Embed Frameworks */,
			);
			name = "Embed Frameworks";
			runOnlyForDeploymentPostprocessing = 0;
		};
/* End PBXCopyFilesBuildPhase section */

/* Begin PBXFileReference section */
		8403F5791CFF2C2E007D0BD1 /* CircleMenu.framework */ = {isa = PBXFileReference; explicitFileType = wrapper.framework; includeInIndex = 0; path = CircleMenu.framework; sourceTree = BUILT_PRODUCTS_DIR; };
		8403F57B1CFF2C2E007D0BD1 /* CircleMenu.h */ = {isa = PBXFileReference; lastKnownFileType = sourcecode.c.h; path = CircleMenu.h; sourceTree = "<group>"; };
		8403F57D1CFF2C2E007D0BD1 /* Info.plist */ = {isa = PBXFileReference; lastKnownFileType = text.plist.xml; path = Info.plist; sourceTree = "<group>"; };
		841EC58D1C58E898008872D5 /* CircleMenu.swift */ = {isa = PBXFileReference; fileEncoding = 4; lastKnownFileType = sourcecode.swift; path = CircleMenu.swift; sourceTree = "<group>"; };
		841EC58F1C58E898008872D5 /* CircleMenuButton.swift */ = {isa = PBXFileReference; fileEncoding = 4; lastKnownFileType = sourcecode.swift; path = CircleMenuButton.swift; sourceTree = "<group>"; };
		841EC5931C58F3E2008872D5 /* CircleMenuLoader.swift */ = {isa = PBXFileReference; fileEncoding = 4; lastKnownFileType = sourcecode.swift; path = CircleMenuLoader.swift; sourceTree = "<group>"; };
		84F248B31C58E65F008F12C1 /* CircleMenuDemo.app */ = {isa = PBXFileReference; explicitFileType = wrapper.application; includeInIndex = 0; path = CircleMenuDemo.app; sourceTree = BUILT_PRODUCTS_DIR; };
		84F248B61C58E65F008F12C1 /* AppDelegate.swift */ = {isa = PBXFileReference; lastKnownFileType = sourcecode.swift; path = AppDelegate.swift; sourceTree = "<group>"; };
		84F248B81C58E65F008F12C1 /* ViewController.swift */ = {isa = PBXFileReference; lastKnownFileType = sourcecode.swift; path = ViewController.swift; sourceTree = "<group>"; };
		84F248BB1C58E65F008F12C1 /* Base */ = {isa = PBXFileReference; lastKnownFileType = file.storyboard; name = Base; path = Base.lproj/Main.storyboard; sourceTree = "<group>"; };
		84F248BD1C58E65F008F12C1 /* Assets.xcassets */ = {isa = PBXFileReference; lastKnownFileType = folder.assetcatalog; path = Assets.xcassets; sourceTree = "<group>"; };
		84F248C01C58E65F008F12C1 /* Base */ = {isa = PBXFileReference; lastKnownFileType = file.storyboard; name = Base; path = Base.lproj/LaunchScreen.storyboard; sourceTree = "<group>"; };
		84F248C21C58E65F008F12C1 /* Info.plist */ = {isa = PBXFileReference; lastKnownFileType = text.plist.xml; path = Info.plist; sourceTree = "<group>"; };
		84F248C71C58E65F008F12C1 /* CircleMenuTests.xctest */ = {isa = PBXFileReference; explicitFileType = wrapper.cfbundle; includeInIndex = 0; path = CircleMenuTests.xctest; sourceTree = BUILT_PRODUCTS_DIR; };
		84F248CB1C58E65F008F12C1 /* CircleMenuTests.swift */ = {isa = PBXFileReference; lastKnownFileType = sourcecode.swift; path = CircleMenuTests.swift; sourceTree = "<group>"; };
		84F248CD1C58E65F008F12C1 /* Info.plist */ = {isa = PBXFileReference; lastKnownFileType = text.plist.xml; path = Info.plist; sourceTree = "<group>"; };
/* End PBXFileReference section */

/* Begin PBXFrameworksBuildPhase section */
		8403F5751CFF2C2E007D0BD1 /* Frameworks */ = {
			isa = PBXFrameworksBuildPhase;
			buildActionMask = 2147483647;
			files = (
			);
			runOnlyForDeploymentPostprocessing = 0;
		};
		84F248B01C58E65F008F12C1 /* Frameworks */ = {
			isa = PBXFrameworksBuildPhase;
			buildActionMask = 2147483647;
			files = (
				8403F5801CFF2C2E007D0BD1 /* CircleMenu.framework in Frameworks */,
			);
			runOnlyForDeploymentPostprocessing = 0;
		};
		84F248C41C58E65F008F12C1 /* Frameworks */ = {
			isa = PBXFrameworksBuildPhase;
			buildActionMask = 2147483647;
			files = (
			);
			runOnlyForDeploymentPostprocessing = 0;
		};
/* End PBXFrameworksBuildPhase section */

/* Begin PBXGroup section */
		8403F57A1CFF2C2E007D0BD1 /* CircleMenu */ = {
			isa = PBXGroup;
			children = (
				8403F57B1CFF2C2E007D0BD1 /* CircleMenu.h */,
				8403F57D1CFF2C2E007D0BD1 /* Info.plist */,
			);
			path = CircleMenu;
			sourceTree = "<group>";
		};
		841EC58C1C58E87F008872D5 /* CircleMenuLib */ = {
			isa = PBXGroup;
			children = (
				841EC58D1C58E898008872D5 /* CircleMenu.swift */,
				841EC5921C58F3AA008872D5 /* CircleMenuLoader */,
				841EC58E1C58E898008872D5 /* CircleMenuButton */,
			);
			path = CircleMenuLib;
			sourceTree = "<group>";
		};
		841EC58E1C58E898008872D5 /* CircleMenuButton */ = {
			isa = PBXGroup;
			children = (
				841EC58F1C58E898008872D5 /* CircleMenuButton.swift */,
			);
			path = CircleMenuButton;
			sourceTree = "<group>";
		};
		841EC5921C58F3AA008872D5 /* CircleMenuLoader */ = {
			isa = PBXGroup;
			children = (
				841EC5931C58F3E2008872D5 /* CircleMenuLoader.swift */,
			);
			path = CircleMenuLoader;
			sourceTree = "<group>";
		};
		84F248AA1C58E65F008F12C1 = {
			isa = PBXGroup;
			children = (
				841EC58C1C58E87F008872D5 /* CircleMenuLib */,
				84F248B51C58E65F008F12C1 /* CircleMenu */,
				84F248CA1C58E65F008F12C1 /* CircleMenuTests */,
				8403F57A1CFF2C2E007D0BD1 /* CircleMenu */,
				84F248B41C58E65F008F12C1 /* Products */,
			);
			sourceTree = "<group>";
		};
		84F248B41C58E65F008F12C1 /* Products */ = {
			isa = PBXGroup;
			children = (
				84F248B31C58E65F008F12C1 /* CircleMenuDemo.app */,
				84F248C71C58E65F008F12C1 /* CircleMenuTests.xctest */,
				8403F5791CFF2C2E007D0BD1 /* CircleMenu.framework */,
			);
			name = Products;
			sourceTree = "<group>";
		};
		84F248B51C58E65F008F12C1 /* CircleMenu */ = {
			isa = PBXGroup;
			children = (
				84F248B61C58E65F008F12C1 /* AppDelegate.swift */,
				84F248B81C58E65F008F12C1 /* ViewController.swift */,
				84F248BA1C58E65F008F12C1 /* Main.storyboard */,
				84F248BD1C58E65F008F12C1 /* Assets.xcassets */,
				84F248BF1C58E65F008F12C1 /* LaunchScreen.storyboard */,
				84F248C21C58E65F008F12C1 /* Info.plist */,
			);
			path = CircleMenu;
			sourceTree = "<group>";
		};
		84F248CA1C58E65F008F12C1 /* CircleMenuTests */ = {
			isa = PBXGroup;
			children = (
				84F248CB1C58E65F008F12C1 /* CircleMenuTests.swift */,
				84F248CD1C58E65F008F12C1 /* Info.plist */,
			);
			path = CircleMenuTests;
			sourceTree = "<group>";
		};
/* End PBXGroup section */

/* Begin PBXHeadersBuildPhase section */
		8403F5761CFF2C2E007D0BD1 /* Headers */ = {
			isa = PBXHeadersBuildPhase;
			buildActionMask = 2147483647;
			files = (
				8403F57C1CFF2C2E007D0BD1 /* CircleMenu.h in Headers */,
			);
			runOnlyForDeploymentPostprocessing = 0;
		};
/* End PBXHeadersBuildPhase section */

/* Begin PBXNativeTarget section */
		8403F5781CFF2C2E007D0BD1 /* CircleMenu */ = {
			isa = PBXNativeTarget;
			buildConfigurationList = 8403F5821CFF2C2E007D0BD1 /* Build configuration list for PBXNativeTarget "CircleMenu" */;
			buildPhases = (
				8403F5741CFF2C2E007D0BD1 /* Sources */,
				8403F5751CFF2C2E007D0BD1 /* Frameworks */,
				8403F5761CFF2C2E007D0BD1 /* Headers */,
				8403F5771CFF2C2E007D0BD1 /* Resources */,
			);
			buildRules = (
			);
			dependencies = (
			);
			name = CircleMenu;
			productName = CircleMenu;
			productReference = 8403F5791CFF2C2E007D0BD1 /* CircleMenu.framework */;
			productType = "com.apple.product-type.framework";
		};
		84F248B21C58E65F008F12C1 /* CircleMenuDemo */ = {
			isa = PBXNativeTarget;
			buildConfigurationList = 84F248D01C58E65F008F12C1 /* Build configuration list for PBXNativeTarget "CircleMenuDemo" */;
			buildPhases = (
				84F248AF1C58E65F008F12C1 /* Sources */,
				84F248B01C58E65F008F12C1 /* Frameworks */,
				84F248B11C58E65F008F12C1 /* Resources */,
				8403F5851CFF2C2E007D0BD1 /* Embed Frameworks */,
			);
			buildRules = (
			);
			dependencies = (
				8403F57F1CFF2C2E007D0BD1 /* PBXTargetDependency */,
			);
			name = CircleMenuDemo;
			productName = CircleMenu;
			productReference = 84F248B31C58E65F008F12C1 /* CircleMenuDemo.app */;
			productType = "com.apple.product-type.application";
		};
		84F248C61C58E65F008F12C1 /* CircleMenuTests */ = {
			isa = PBXNativeTarget;
			buildConfigurationList = 84F248D31C58E65F008F12C1 /* Build configuration list for PBXNativeTarget "CircleMenuTests" */;
			buildPhases = (
				84F248C31C58E65F008F12C1 /* Sources */,
				84F248C41C58E65F008F12C1 /* Frameworks */,
				84F248C51C58E65F008F12C1 /* Resources */,
			);
			buildRules = (
			);
			dependencies = (
				84F248C91C58E65F008F12C1 /* PBXTargetDependency */,
			);
			name = CircleMenuTests;
			productName = CircleMenuTests;
			productReference = 84F248C71C58E65F008F12C1 /* CircleMenuTests.xctest */;
			productType = "com.apple.product-type.bundle.unit-test";
		};
/* End PBXNativeTarget section */

/* Begin PBXProject section */
		84F248AB1C58E65F008F12C1 /* Project object */ = {
			isa = PBXProject;
			attributes = {
				LastSwiftUpdateCheck = 0720;
				LastUpgradeCheck = 1020;
				ORGANIZATIONNAME = "Alex K.";
				TargetAttributes = {
					8403F5781CFF2C2E007D0BD1 = {
						CreatedOnToolsVersion = 7.3.1;
						LastSwiftMigration = 1020;
					};
					84F248B21C58E65F008F12C1 = {
						CreatedOnToolsVersion = 7.2;
						DevelopmentTeam = 34MUF9YXTA;
						LastSwiftMigration = 1020;
					};
					84F248C61C58E65F008F12C1 = {
						CreatedOnToolsVersion = 7.2;
						LastSwiftMigration = 1020;
						TestTargetID = 84F248B21C58E65F008F12C1;
					};
				};
			};
			buildConfigurationList = 84F248AE1C58E65F008F12C1 /* Build configuration list for PBXProject "CircleMenu" */;
			compatibilityVersion = "Xcode 10.0";
			developmentRegion = en;
			hasScannedForEncodings = 0;
			knownRegions = (
				en,
				Base,
			);
			mainGroup = 84F248AA1C58E65F008F12C1;
			productRefGroup = 84F248B41C58E65F008F12C1 /* Products */;
			projectDirPath = "";
			projectRoot = "";
			targets = (
				84F248B21C58E65F008F12C1 /* CircleMenuDemo */,
				84F248C61C58E65F008F12C1 /* CircleMenuTests */,
				8403F5781CFF2C2E007D0BD1 /* CircleMenu */,
			);
		};
/* End PBXProject section */

/* Begin PBXResourcesBuildPhase section */
		8403F5771CFF2C2E007D0BD1 /* Resources */ = {
			isa = PBXResourcesBuildPhase;
			buildActionMask = 2147483647;
			files = (
			);
			runOnlyForDeploymentPostprocessing = 0;
		};
		84F248B11C58E65F008F12C1 /* Resources */ = {
			isa = PBXResourcesBuildPhase;
			buildActionMask = 2147483647;
			files = (
				84F248C11C58E65F008F12C1 /* LaunchScreen.storyboard in Resources */,
				84F248BE1C58E65F008F12C1 /* Assets.xcassets in Resources */,
				84F248BC1C58E65F008F12C1 /* Main.storyboard in Resources */,
			);
			runOnlyForDeploymentPostprocessing = 0;
		};
		84F248C51C58E65F008F12C1 /* Resources */ = {
			isa = PBXResourcesBuildPhase;
			buildActionMask = 2147483647;
			files = (
				8497460D1C6A1C6D001E7184 /* Assets.xcassets in Resources */,
			);
			runOnlyForDeploymentPostprocessing = 0;
		};
/* End PBXResourcesBuildPhase section */

/* Begin PBXSourcesBuildPhase section */
		8403F5741CFF2C2E007D0BD1 /* Sources */ = {
			isa = PBXSourcesBuildPhase;
			buildActionMask = 2147483647;
			files = (
				8403F5861CFF2C46007D0BD1 /* CircleMenu.swift in Sources */,
				8403F5881CFF2C4F007D0BD1 /* CircleMenuButton.swift in Sources */,
				8403F5871CFF2C4B007D0BD1 /* CircleMenuLoader.swift in Sources */,
			);
			runOnlyForDeploymentPostprocessing = 0;
		};
		84F248AF1C58E65F008F12C1 /* Sources */ = {
			isa = PBXSourcesBuildPhase;
			buildActionMask = 2147483647;
			files = (
				841EC5911C58E898008872D5 /* CircleMenuButton.swift in Sources */,
				841EC5941C58F3E2008872D5 /* CircleMenuLoader.swift in Sources */,
				841EC5901C58E898008872D5 /* CircleMenu.swift in Sources */,
				84F248B91C58E65F008F12C1 /* ViewController.swift in Sources */,
				84F248B71C58E65F008F12C1 /* AppDelegate.swift in Sources */,
			);
			runOnlyForDeploymentPostprocessing = 0;
		};
		84F248C31C58E65F008F12C1 /* Sources */ = {
			isa = PBXSourcesBuildPhase;
			buildActionMask = 2147483647;
			files = (
				8497460F1C6A1CA0001E7184 /* CircleMenuButton.swift in Sources */,
				8497460C1C6A1C5D001E7184 /* CircleMenu.swift in Sources */,
				84F248CC1C58E65F008F12C1 /* CircleMenuTests.swift in Sources */,
				8497460E1C6A1C9D001E7184 /* CircleMenuLoader.swift in Sources */,
			);
			runOnlyForDeploymentPostprocessing = 0;
		};
/* End PBXSourcesBuildPhase section */

/* Begin PBXTargetDependency section */
		8403F57F1CFF2C2E007D0BD1 /* PBXTargetDependency */ = {
			isa = PBXTargetDependency;
			target = 8403F5781CFF2C2E007D0BD1 /* CircleMenu */;
			targetProxy = 8403F57E1CFF2C2E007D0BD1 /* PBXContainerItemProxy */;
		};
		84F248C91C58E65F008F12C1 /* PBXTargetDependency */ = {
			isa = PBXTargetDependency;
			target = 84F248B21C58E65F008F12C1 /* CircleMenuDemo */;
			targetProxy = 84F248C81C58E65F008F12C1 /* PBXContainerItemProxy */;
		};
/* End PBXTargetDependency section */

/* Begin PBXVariantGroup section */
		84F248BA1C58E65F008F12C1 /* Main.storyboard */ = {
			isa = PBXVariantGroup;
			children = (
				84F248BB1C58E65F008F12C1 /* Base */,
			);
			name = Main.storyboard;
			sourceTree = "<group>";
		};
		84F248BF1C58E65F008F12C1 /* LaunchScreen.storyboard */ = {
			isa = PBXVariantGroup;
			children = (
				84F248C01C58E65F008F12C1 /* Base */,
			);
			name = LaunchScreen.storyboard;
			sourceTree = "<group>";
		};
/* End PBXVariantGroup section */

/* Begin XCBuildConfiguration section */
		8403F5831CFF2C2E007D0BD1 /* Debug */ = {
			isa = XCBuildConfiguration;
			buildSettings = {
				CLANG_ANALYZER_NONNULL = YES;
				"CODE_SIGN_IDENTITY[sdk=iphoneos*]" = "";
				CURRENT_PROJECT_VERSION = 1;
				DEFINES_MODULE = YES;
				DYLIB_COMPATIBILITY_VERSION = 1;
				DYLIB_CURRENT_VERSION = 1;
				DYLIB_INSTALL_NAME_BASE = "@rpath";
				INFOPLIST_FILE = CircleMenu/Info.plist;
				INSTALL_PATH = "$(LOCAL_LIBRARY_DIR)/Frameworks";
				IPHONEOS_DEPLOYMENT_TARGET = 9.0;
				LD_RUNPATH_SEARCH_PATHS = (
					"$(inherited)",
					"@executable_path/Frameworks",
					"@loader_path/Frameworks",
				);
				PRODUCT_BUNDLE_IDENTIFIER = com.ramotion.CircleMenu;
				PRODUCT_NAME = "$(TARGET_NAME)";
				SKIP_INSTALL = YES;
				SWIFT_VERSION = 5.0;
				TARGETED_DEVICE_FAMILY = "1,2";
				VERSIONING_SYSTEM = "apple-generic";
				VERSION_INFO_PREFIX = "";
			};
			name = Debug;
		};
		8403F5841CFF2C2E007D0BD1 /* Release */ = {
			isa = XCBuildConfiguration;
			buildSettings = {
				CLANG_ANALYZER_NONNULL = YES;
				"CODE_SIGN_IDENTITY[sdk=iphoneos*]" = "";
				CURRENT_PROJECT_VERSION = 1;
				DEFINES_MODULE = YES;
				DYLIB_COMPATIBILITY_VERSION = 1;
				DYLIB_CURRENT_VERSION = 1;
				DYLIB_INSTALL_NAME_BASE = "@rpath";
				INFOPLIST_FILE = CircleMenu/Info.plist;
				INSTALL_PATH = "$(LOCAL_LIBRARY_DIR)/Frameworks";
				IPHONEOS_DEPLOYMENT_TARGET = 9.0;
				LD_RUNPATH_SEARCH_PATHS = (
					"$(inherited)",
					"@executable_path/Frameworks",
					"@loader_path/Frameworks",
				);
				PRODUCT_BUNDLE_IDENTIFIER = com.ramotion.CircleMenu;
				PRODUCT_NAME = "$(TARGET_NAME)";
				SKIP_INSTALL = YES;
				SWIFT_VERSION = 5.0;
				TARGETED_DEVICE_FAMILY = "1,2";
				VERSIONING_SYSTEM = "apple-generic";
				VERSION_INFO_PREFIX = "";
			};
			name = Release;
		};
		84F248CE1C58E65F008F12C1 /* Debug */ = {
			isa = XCBuildConfiguration;
			buildSettings = {
				ALWAYS_SEARCH_USER_PATHS = NO;
				CLANG_ANALYZER_LOCALIZABILITY_NONLOCALIZED = YES;
				CLANG_CXX_LANGUAGE_STANDARD = "gnu++0x";
				CLANG_CXX_LIBRARY = "libc++";
				CLANG_ENABLE_MODULES = YES;
				CLANG_ENABLE_OBJC_ARC = YES;
				CLANG_WARN_BLOCK_CAPTURE_AUTORELEASING = YES;
				CLANG_WARN_BOOL_CONVERSION = YES;
				CLANG_WARN_COMMA = YES;
				CLANG_WARN_CONSTANT_CONVERSION = YES;
				CLANG_WARN_DEPRECATED_OBJC_IMPLEMENTATIONS = YES;
				CLANG_WARN_DIRECT_OBJC_ISA_USAGE = YES_ERROR;
				CLANG_WARN_EMPTY_BODY = YES;
				CLANG_WARN_ENUM_CONVERSION = YES;
				CLANG_WARN_INFINITE_RECURSION = YES;
				CLANG_WARN_INT_CONVERSION = YES;
				CLANG_WARN_NON_LITERAL_NULL_CONVERSION = YES;
				CLANG_WARN_OBJC_IMPLICIT_RETAIN_SELF = YES;
				CLANG_WARN_OBJC_LITERAL_CONVERSION = YES;
				CLANG_WARN_OBJC_ROOT_CLASS = YES_ERROR;
				CLANG_WARN_RANGE_LOOP_ANALYSIS = YES;
				CLANG_WARN_STRICT_PROTOTYPES = YES;
				CLANG_WARN_SUSPICIOUS_MOVE = YES;
				CLANG_WARN_UNREACHABLE_CODE = YES;
				CLANG_WARN__DUPLICATE_METHOD_MATCH = YES;
				"CODE_SIGN_IDENTITY[sdk=iphoneos*]" = "iPhone Developer";
				COPY_PHASE_STRIP = NO;
				DEBUG_INFORMATION_FORMAT = dwarf;
				ENABLE_STRICT_OBJC_MSGSEND = YES;
				ENABLE_TESTABILITY = YES;
				GCC_C_LANGUAGE_STANDARD = gnu99;
				GCC_DYNAMIC_NO_PIC = NO;
				GCC_NO_COMMON_BLOCKS = YES;
				GCC_OPTIMIZATION_LEVEL = 0;
				GCC_PREPROCESSOR_DEFINITIONS = (
					"DEBUG=1",
					"$(inherited)",
				);
				GCC_WARN_64_TO_32_BIT_CONVERSION = YES;
				GCC_WARN_ABOUT_RETURN_TYPE = YES_ERROR;
				GCC_WARN_UNDECLARED_SELECTOR = YES;
				GCC_WARN_UNINITIALIZED_AUTOS = YES_AGGRESSIVE;
				GCC_WARN_UNUSED_FUNCTION = YES;
				GCC_WARN_UNUSED_VARIABLE = YES;
				IPHONEOS_DEPLOYMENT_TARGET = 10.0;
				MTL_ENABLE_DEBUG_INFO = YES;
				ONLY_ACTIVE_ARCH = YES;
				SDKROOT = iphoneos;
				SWIFT_OPTIMIZATION_LEVEL = "-Onone";
				SWIFT_VERSION = 4.2;
			};
			name = Debug;
		};
		84F248CF1C58E65F008F12C1 /* Release */ = {
			isa = XCBuildConfiguration;
			buildSettings = {
				ALWAYS_SEARCH_USER_PATHS = NO;
				CLANG_ANALYZER_LOCALIZABILITY_NONLOCALIZED = YES;
				CLANG_CXX_LANGUAGE_STANDARD = "gnu++0x";
				CLANG_CXX_LIBRARY = "libc++";
				CLANG_ENABLE_MODULES = YES;
				CLANG_ENABLE_OBJC_ARC = YES;
				CLANG_WARN_BLOCK_CAPTURE_AUTORELEASING = YES;
				CLANG_WARN_BOOL_CONVERSION = YES;
				CLANG_WARN_COMMA = YES;
				CLANG_WARN_CONSTANT_CONVERSION = YES;
				CLANG_WARN_DEPRECATED_OBJC_IMPLEMENTATIONS = YES;
				CLANG_WARN_DIRECT_OBJC_ISA_USAGE = YES_ERROR;
				CLANG_WARN_EMPTY_BODY = YES;
				CLANG_WARN_ENUM_CONVERSION = YES;
				CLANG_WARN_INFINITE_RECURSION = YES;
				CLANG_WARN_INT_CONVERSION = YES;
				CLANG_WARN_NON_LITERAL_NULL_CONVERSION = YES;
				CLANG_WARN_OBJC_IMPLICIT_RETAIN_SELF = YES;
				CLANG_WARN_OBJC_LITERAL_CONVERSION = YES;
				CLANG_WARN_OBJC_ROOT_CLASS = YES_ERROR;
				CLANG_WARN_RANGE_LOOP_ANALYSIS = YES;
				CLANG_WARN_STRICT_PROTOTYPES = YES;
				CLANG_WARN_SUSPICIOUS_MOVE = YES;
				CLANG_WARN_UNREACHABLE_CODE = YES;
				CLANG_WARN__DUPLICATE_METHOD_MATCH = YES;
				"CODE_SIGN_IDENTITY[sdk=iphoneos*]" = "iPhone Developer";
				COPY_PHASE_STRIP = NO;
				DEBUG_INFORMATION_FORMAT = "dwarf-with-dsym";
				ENABLE_NS_ASSERTIONS = NO;
				ENABLE_STRICT_OBJC_MSGSEND = YES;
				GCC_C_LANGUAGE_STANDARD = gnu99;
				GCC_NO_COMMON_BLOCKS = YES;
				GCC_WARN_64_TO_32_BIT_CONVERSION = YES;
				GCC_WARN_ABOUT_RETURN_TYPE = YES_ERROR;
				GCC_WARN_UNDECLARED_SELECTOR = YES;
				GCC_WARN_UNINITIALIZED_AUTOS = YES_AGGRESSIVE;
				GCC_WARN_UNUSED_FUNCTION = YES;
				GCC_WARN_UNUSED_VARIABLE = YES;
				IPHONEOS_DEPLOYMENT_TARGET = 10.0;
				MTL_ENABLE_DEBUG_INFO = NO;
				SDKROOT = iphoneos;
				SWIFT_COMPILATION_MODE = wholemodule;
				SWIFT_OPTIMIZATION_LEVEL = "-O";
				SWIFT_VERSION = 4.2;
				VALIDATE_PRODUCT = YES;
			};
			name = Release;
		};
		84F248D11C58E65F008F12C1 /* Debug */ = {
			isa = XCBuildConfiguration;
			buildSettings = {
				ALWAYS_EMBED_SWIFT_STANDARD_LIBRARIES = YES;
				ASSETCATALOG_COMPILER_APPICON_NAME = AppIcon;
				CODE_SIGN_IDENTITY = "iPhone Developer";
				INFOPLIST_FILE = CircleMenu/Info.plist;
				IPHONEOS_DEPLOYMENT_TARGET = 9.0;
				LD_RUNPATH_SEARCH_PATHS = (
					"$(inherited)",
					"@executable_path/Frameworks",
				);
				OTHER_SWIFT_FLAGS = "";
				PRODUCT_BUNDLE_IDENTIFIER = com.ramotion.dev;
				PRODUCT_NAME = "$(TARGET_NAME)";
				SWIFT_VERSION = 5.0;
			};
			name = Debug;
		};
		84F248D21C58E65F008F12C1 /* Release */ = {
			isa = XCBuildConfiguration;
			buildSettings = {
				ALWAYS_EMBED_SWIFT_STANDARD_LIBRARIES = YES;
				ASSETCATALOG_COMPILER_APPICON_NAME = AppIcon;
				CODE_SIGN_IDENTITY = "iPhone Developer";
				INFOPLIST_FILE = CircleMenu/Info.plist;
				IPHONEOS_DEPLOYMENT_TARGET = 9.0;
				LD_RUNPATH_SEARCH_PATHS = (
					"$(inherited)",
					"@executable_path/Frameworks",
				);
				OTHER_SWIFT_FLAGS = "";
				PRODUCT_BUNDLE_IDENTIFIER = com.ramotion.dev;
				PRODUCT_NAME = "$(TARGET_NAME)";
				SWIFT_VERSION = 5.0;
			};
			name = Release;
		};
		84F248D41C58E65F008F12C1 /* Debug */ = {
			isa = XCBuildConfiguration;
			buildSettings = {
				BUNDLE_LOADER = "$(TEST_HOST)";
				INFOPLIST_FILE = CircleMenuTests/Info.plist;
				LD_RUNPATH_SEARCH_PATHS = (
					"$(inherited)",
					"@executable_path/Frameworks",
					"@loader_path/Frameworks",
				);
				PRODUCT_BUNDLE_IDENTIFIER = com.ramotion.CircleMenuTests;
				PRODUCT_NAME = "$(TARGET_NAME)";
				SWIFT_VERSION = 5.0;
				TEST_HOST = "$(BUILT_PRODUCTS_DIR)/CircleMenuDemo.app/CircleMenuDemo";
			};
			name = Debug;
		};
		84F248D51C58E65F008F12C1 /* Release */ = {
			isa = XCBuildConfiguration;
			buildSettings = {
				BUNDLE_LOADER = "$(TEST_HOST)";
				INFOPLIST_FILE = CircleMenuTests/Info.plist;
				LD_RUNPATH_SEARCH_PATHS = (
					"$(inherited)",
					"@executable_path/Frameworks",
					"@loader_path/Frameworks",
				);
				PRODUCT_BUNDLE_IDENTIFIER = com.ramotion.CircleMenuTests;
				PRODUCT_NAME = "$(TARGET_NAME)";
				SWIFT_VERSION = 5.0;
				TEST_HOST = "$(BUILT_PRODUCTS_DIR)/CircleMenuDemo.app/CircleMenuDemo";
			};
			name = Release;
		};
/* End XCBuildConfiguration section */

/* Begin XCConfigurationList section */
		8403F5821CFF2C2E007D0BD1 /* Build configuration list for PBXNativeTarget "CircleMenu" */ = {
			isa = XCConfigurationList;
			buildConfigurations = (
				8403F5831CFF2C2E007D0BD1 /* Debug */,
				8403F5841CFF2C2E007D0BD1 /* Release */,
			);
			defaultConfigurationIsVisible = 0;
			defaultConfigurationName = Release;
		};
		84F248AE1C58E65F008F12C1 /* Build configuration list for PBXProject "CircleMenu" */ = {
			isa = XCConfigurationList;
			buildConfigurations = (
				84F248CE1C58E65F008F12C1 /* Debug */,
				84F248CF1C58E65F008F12C1 /* Release */,
			);
			defaultConfigurationIsVisible = 0;
			defaultConfigurationName = Release;
		};
		84F248D01C58E65F008F12C1 /* Build configuration list for PBXNativeTarget "CircleMenuDemo" */ = {
			isa = XCConfigurationList;
			buildConfigurations = (
				84F248D11C58E65F008F12C1 /* Debug */,
				84F248D21C58E65F008F12C1 /* Release */,
			);
			defaultConfigurationIsVisible = 0;
			defaultConfigurationName = Release;
		};
		84F248D31C58E65F008F12C1 /* Build configuration list for PBXNativeTarget "CircleMenuTests" */ = {
			isa = XCConfigurationList;
			buildConfigurations = (
				84F248D41C58E65F008F12C1 /* Debug */,
				84F248D51C58E65F008F12C1 /* Release */,
			);
			defaultConfigurationIsVisible = 0;
			defaultConfigurationName = Release;
		};
/* End XCConfigurationList section */
	};
	rootObject = 84F248AB1C58E65F008F12C1 /* Project object */;
}
